{
  "name": "21cardtrick",
  "version": "1.0.0",
  "lockfileVersion": 1,
  "requires": true,
  "dependencies": {
    "cards": {
      "version": "1.0.1",
      "resolved": "https://registry.npmjs.org/cards/-/cards-1.0.1.tgz",
      "integrity": "sha512-hyk8q9PHDUQ9mDpSQUcO/M7/e5cD7BPjIy4kkGJr636fbnUkqPrtox6gzem3VC7va+AOmOMrE4HxExNccOTYaQ==",
      "requires": {
        "rand-utils": "^1.0.0"
      }
    },
    "prompt-sync": {
      "version": "4.1.6",
      "resolved": "https://registry.npmjs.org/prompt-sync/-/prompt-sync-4.1.6.tgz",
      "integrity": "sha512-dYjDha0af2vefm6soqnPnFEz2tAzwH/kb+pPoaCohRoPUxFXj+mymkOFgxX7Ylv59TdEr7OzktEizdK7MIMvIw=="
    },
    "rand-utils": {
      "version": "1.0.0",
      "resolved": "https://registry.npmjs.org/rand-utils/-/rand-utils-1.0.0.tgz",
      "integrity": "sha1-PTu5IBVmzpFFDNN0oAgOee1oMyg="
    }
  }
}
